# This file is automatically @generated by Cargo.
# It is not intended for manual editing.
version = 3

[[package]]
name = "ex00"
version = "0.1.0"
dependencies = [
 "ftkit",
]

[[package]]
name = "ftkit"
version = "0.1.12"
source = "registry+https://github.com/rust-lang/crates.io-index"
checksum = "142b7f33b88c53eae92cf58175baf6903f4a3cd1a995d9446168c6b752e08718"
